// !$*UTF8*$!
{
	archiveVersion = 1;
	classes = {
	};
	objectVersion = 46;
	objects = {

/* Begin PBXBuildFile section */
		BCCBD0F11CD804BD002F8139 /* AppDelegate.swift in Sources */ = {isa = PBXBuildFile; fileRef = BCCBD0F01CD804BD002F8139 /* AppDelegate.swift */; };
		BCCBD0F31CD804BD002F8139 /* MasterViewController.swift in Sources */ = {isa = PBXBuildFile; fileRef = BCCBD0F21CD804BD002F8139 /* MasterViewController.swift */; };
		BCCBD0F51CD804BD002F8139 /* DetailViewController.swift in Sources */ = {isa = PBXBuildFile; fileRef = BCCBD0F41CD804BD002F8139 /* DetailViewController.swift */; };
		BCCBD0F81CD804BD002F8139 /* Main.storyboard in Resources */ = {isa = PBXBuildFile; fileRef = BCCBD0F61CD804BD002F8139 /* Main.storyboard */; };
		BCCBD0FA1CD804BD002F8139 /* Assets.xcassets in Resources */ = {isa = PBXBuildFile; fileRef = BCCBD0F91CD804BD002F8139 /* Assets.xcassets */; };
		BCCBD0FD1CD804BD002F8139 /* LaunchScreen.storyboard in Resources */ = {isa = PBXBuildFile; fileRef = BCCBD0FB1CD804BD002F8139 /* LaunchScreen.storyboard */; };
/* End PBXBuildFile section */

/* Begin PBXFileReference section */
		BCCBD0ED1CD804BD002F8139 /* Gospel Ordinances.app */ = {isa = PBXFileReference; explicitFileType = wrapper.application; includeInIndex = 0; path = "Gospel Ordinances.app"; sourceTree = BUILT_PRODUCTS_DIR; };
		BCCBD0F01CD804BD002F8139 /* AppDelegate.swift */ = {isa = PBXFileReference; lastKnownFileType = sourcecode.swift; path = AppDelegate.swift; sourceTree = "<group>"; };
		BCCBD0F21CD804BD002F8139 /* MasterViewController.swift */ = {isa = PBXFileReference; lastKnownFileType = sourcecode.swift; path = MasterViewController.swift; sourceTree = "<group>"; };
		BCCBD0F41CD804BD002F8139 /* DetailViewController.swift */ = {isa = PBXFileReference; lastKnownFileType = sourcecode.swift; path = DetailViewController.swift; sourceTree = "<group>"; };
		BCCBD0F71CD804BD002F8139 /* Base */ = {isa = PBXFileReference; lastKnownFileType = file.storyboard; name = Base; path = Base.lproj/Main.storyboard; sourceTree = "<group>"; };
		BCCBD0F91CD804BD002F8139 /* Assets.xcassets */ = {isa = PBXFileReference; lastKnownFileType = folder.assetcatalog; path = Assets.xcassets; sourceTree = "<group>"; };
		BCCBD0FC1CD804BD002F8139 /* Base */ = {isa = PBXFileReference; lastKnownFileType = file.storyboard; name = Base; path = Base.lproj/LaunchScreen.storyboard; sourceTree = "<group>"; };
		BCCBD0FE1CD804BD002F8139 /* Info.plist */ = {isa = PBXFileReference; lastKnownFileType = text.plist.xml; path = Info.plist; sourceTree = "<group>"; };
/* End PBXFileReference section */

/* Begin PBXFrameworksBuildPhase section */
		BCCBD0EA1CD804BD002F8139 /* Frameworks */ = {
			isa = PBXFrameworksBuildPhase;
			buildActionMask = 2147483647;
			files = (
			);
			runOnlyForDeploymentPostprocessing = 0;
		};
/* End PBXFrameworksBuildPhase section */

/* Begin PBXGroup section */
		BCCBD0E41CD804BD002F8139 = {
			isa = PBXGroup;
			children = (
				BCCBD0EF1CD804BD002F8139 /* Gospel Ordinances */,
				BCCBD0EE1CD804BD002F8139 /* Products */,
			);
			sourceTree = "<group>";
		};
		BCCBD0EE1CD804BD002F8139 /* Products */ = {
			isa = PBXGroup;
			children = (
				BCCBD0ED1CD804BD002F8139 /* Gospel Ordinances.app */,
			);
			name = Products;
			sourceTree = "<group>";
		};
		BCCBD0EF1CD804BD002F8139 /* Gospel Ordinances */ = {
			isa = PBXGroup;
			children = (
				BCCBD0F01CD804BD002F8139 /* AppDelegate.swift */,
				BCCBD0F21CD804BD002F8139 /* MasterViewController.swift */,
				BCCBD0F41CD804BD002F8139 /* DetailViewController.swift */,
				BCCBD0F61CD804BD002F8139 /* Main.storyboard */,
				BCCBD0F91CD804BD002F8139 /* Assets.xcassets */,
				BCCBD0FB1CD804BD002F8139 /* LaunchScreen.storyboard */,
				BCCBD0FE1CD804BD002F8139 /* Info.plist */,
			);
			path = "Gospel Ordinances";
			sourceTree = "<group>";
		};
/* End PBXGroup section */

/* Begin PBXNativeTarget section */
		BCCBD0EC1CD804BD002F8139 /* Gospel Ordinances */ = {
			isa = PBXNativeTarget;
			buildConfigurationList = BCCBD1011CD804BD002F8139 /* Build configuration list for PBXNativeTarget "Gospel Ordinances" */;
			buildPhases = (
				BCCBD0E91CD804BD002F8139 /* Sources */,
				BCCBD0EA1CD804BD002F8139 /* Frameworks */,
				BCCBD0EB1CD804BD002F8139 /* Resources */,
			);
			buildRules = (
			);
			dependencies = (
			);
			name = "Gospel Ordinances";
			productName = "Gospel Ordinances";
			productReference = BCCBD0ED1CD804BD002F8139 /* Gospel Ordinances.app */;
			productType = "com.apple.product-type.application";
		};
/* End PBXNativeTarget section */

/* Begin PBXProject section */
		BCCBD0E51CD804BD002F8139 /* Project object */ = {
			isa = PBXProject;
			attributes = {
				LastSwiftUpdateCheck = 0730;
				LastUpgradeCheck = 0730;
				ORGANIZATIONNAME = "Jake Shaw";
				TargetAttributes = {
					BCCBD0EC1CD804BD002F8139 = {
						CreatedOnToolsVersion = 7.3;
					};
				};
			};
			buildConfigurationList = BCCBD0E81CD804BD002F8139 /* Build configuration list for PBXProject "Gospel Ordinances" */;
			compatibilityVersion = "Xcode 3.2";
			developmentRegion = English;
			hasScannedForEncodings = 0;
			knownRegions = (
				en,
				Base,
			);
			mainGroup = BCCBD0E41CD804BD002F8139;
			productRefGroup = BCCBD0EE1CD804BD002F8139 /* Products */;
			projectDirPath = "";
			projectRoot = "";
			targets = (
				BCCBD0EC1CD804BD002F8139 /* Gospel Ordinances */,
			);
		};
/* End PBXProject section */

/* Begin PBXResourcesBuildPhase section */
		BCCBD0EB1CD804BD002F8139 /* Resources */ = {
			isa = PBXResourcesBuildPhase;
			buildActionMask = 2147483647;
			files = (
				BCCBD0FD1CD804BD002F8139 /* LaunchScreen.storyboard in Resources */,
				BCCBD0FA1CD804BD002F8139 /* Assets.xcassets in Resources */,
				BCCBD0F81CD804BD002F8139 /* Main.storyboard in Resources */,
			);
			runOnlyForDeploymentPostprocessing = 0;
		};
/* End PBXResourcesBuildPhase section */

/* Begin PBXSourcesBuildPhase section */
		BCCBD0E91CD804BD002F8139 /* Sources */ = {
			isa = PBXSourcesBuildPhase;
			buildActionMask = 2147483647;
			files = (
				BCCBD0F51CD804BD002F8139 /* DetailViewController.swift in Sources */,
				BCCBD0F31CD804BD002F8139 /* MasterViewController.swift in Sources */,
				BCCBD0F11CD804BD002F8139 /* AppDelegate.swift in Sources */,
			);
			runOnlyForDeploymentPostprocessing = 0;
		};
/* End PBXSourcesBuildPhase section */

/* Begin PBXVariantGroup section */
		BCCBD0F61CD804BD002F8139 /* Main.storyboard */ = {
			isa = PBXVariantGroup;
			children = (
				BCCBD0F71CD804BD002F8139 /* Base */,
			);
			name = Main.storyboard;
			sourceTree = "<group>";
		};
		BCCBD0FB1CD804BD002F8139 /* LaunchScreen.storyboard */ = {
			isa = PBXVariantGroup;
			children = (
				BCCBD0FC1CD804BD002F8139 /* Base */,
			);
			name = LaunchScreen.storyboard;
			sourceTree = "<group>";
		};
/* End PBXVariantGroup section */

/* Begin XCBuildConfiguration section */
		BCCBD0FF1CD804BD002F8139 /* Debug */ = {
			isa = XCBuildConfiguration;
			buildSettings = {
				ALWAYS_SEARCH_USER_PATHS = NO;
				CLANG_ANALYZER_NONNULL = YES;
				CLANG_CXX_LANGUAGE_STANDARD = "gnu++0x";
				CLANG_CXX_LIBRARY = "libc++";
				CLANG_ENABLE_MODULES = YES;
				CLANG_ENABLE_OBJC_ARC = YES;
				CLANG_WARN_BOOL_CONVERSION = YES;
				CLANG_WARN_CONSTANT_CONVERSION = YES;
				CLANG_WARN_DIRECT_OBJC_ISA_USAGE = YES_ERROR;
				CLANG_WARN_EMPTY_BODY = YES;
				CLANG_WARN_ENUM_CONVERSION = YES;
				CLANG_WARN_INT_CONVERSION = YES;
				CLANG_WARN_OBJC_ROOT_CLASS = YES_ERROR;
				CLANG_WARN_UNREACHABLE_CODE = YES;
				CLANG_WARN__DUPLICATE_METHOD_MATCH = YES;
				"CODE_SIGN_IDENTITY[sdk=iphoneos*]" = "iPhone Developer";
				COPY_PHASE_STRIP = NO;
				DEBUG_INFORMATION_FORMAT = dwarf;
				ENABLE_STRICT_OBJC_MSGSEND = YES;
				ENABLE_TESTABILITY = YES;
				GCC_C_LANGUAGE_STANDARD = gnu99;
				GCC_DYNAMIC_NO_PIC = NO;
				GCC_NO_COMMON_BLOCKS = YES;
				GCC_OPTIMIZATION_LEVEL = 0;
				GCC_PREPROCESSOR_DEFINITIONS = (
					"DEBUG=1",
					"$(inherited)",
				);
				GCC_WARN_64_TO_32_BIT_CONVERSION = YES;
				GCC_WARN_ABOUT_RETURN_TYPE = YES_ERROR;
				GCC_WARN_UNDECLARED_SELECTOR = YES;
				GCC_WARN_UNINITIALIZED_AUTOS = YES_AGGRESSIVE;
				GCC_WARN_UNUSED_FUNCTION = YES;
				GCC_WARN_UNUSED_VARIABLE = YES;
				IPHONEOS_DEPLOYMENT_TARGET = 9.3;
				MTL_ENABLE_DEBUG_INFO = YES;
				ONLY_ACTIVE_ARCH = YES;
				SDKROOT = iphoneos;
				SWIFT_OPTIMIZATION_LEVEL = "-Onone";
				TARGETED_DEVICE_FAMILY = "1,2";
			};
			name = Debug;
		};
		BCCBD1001CD804BD002F8139 /* Release */ = {
			isa = XCBuildConfiguration;
			buildSettings = {
				ALWAYS_SEARCH_USER_PATHS = NO;
				CLANG_ANALYZER_NONNULL = YES;
				CLANG_CXX_LANGUAGE_STANDARD = "gnu++0x";
				CLANG_CXX_LIBRARY = "libc++";
				CLANG_ENABLE_MODULES = YES;
				CLANG_ENABLE_OBJC_ARC = YES;
				CLANG_WARN_BOOL_CONVERSION = YES;
				CLANG_WARN_CONSTANT_CONVERSION = YES;
				CLANG_WARN_DIRECT_OBJC_ISA_USAGE = YES_ERROR;
				CLANG_WARN_EMPTY_BODY = YES;
				CLANG_WARN_ENUM_CONVERSION = YES;
				CLANG_WARN_INT_CONVERSION = YES;
				CLANG_WARN_OBJC_ROOT_CLASS = YES_ERROR;
				CLANG_WARN_UNREACHABLE_CODE = YES;
				CLANG_WARN__DUPLICATE_METHOD_MATCH = YES;
				"CODE_SIGN_IDENTITY[sdk=iphoneos*]" = "iPhone Developer";
				COPY_PHASE_STRIP = NO;
				DEBUG_INFORMATION_FORMAT = "dwarf-with-dsym";
				ENABLE_NS_ASSERTIONS = NO;
				ENABLE_STRICT_OBJC_MSGSEND = YES;
				GCC_C_LANGUAGE_STANDARD = gnu99;
				GCC_NO_COMMON_BLOCKS = YES;
				GCC_WARN_64_TO_32_BIT_CONVERSION = YES;
				GCC_WARN_ABOUT_RETURN_TYPE = YES_ERROR;
				GCC_WARN_UNDECLARED_SELECTOR = YES;
				GCC_WARN_UNINITIALIZED_AUTOS = YES_AGGRESSIVE;
				GCC_WARN_UNUSED_FUNCTION = YES;
				GCC_WARN_UNUSED_VARIABLE = YES;
				IPHONEOS_DEPLOYMENT_TARGET = 9.3;
				MTL_ENABLE_DEBUG_INFO = NO;
				SDKROOT = iphoneos;
				TARGETED_DEVICE_FAMILY = "1,2";
				VALIDATE_PRODUCT = YES;
			};
			name = Release;
		};
		BCCBD1021CD804BD002F8139 /* Debug */ = {
			isa = XCBuildConfiguration;
			buildSettings = {
				ASSETCATALOG_COMPILER_APPICON_NAME = AppIcon;
				INFOPLIST_FILE = "Gospel Ordinances/Info.plist";
				LD_RUNPATH_SEARCH_PATHS = "$(inherited) @executable_path/Frameworks";
				PRODUCT_BUNDLE_IDENTIFIER = "Jak3.Gospel-Ordinances";
				PRODUCT_NAME = "$(TARGET_NAME)";
			};
			name = Debug;
		};
		BCCBD1031CD804BD002F8139 /* Release */ = {
			isa = XCBuildConfiguration;
			buildSettings = {
				ASSETCATALOG_COMPILER_APPICON_NAME = AppIcon;
				INFOPLIST_FILE = "Gospel Ordinances/Info.plist";
				LD_RUNPATH_SEARCH_PATHS = "$(inherited) @executable_path/Frameworks";
				PRODUCT_BUNDLE_IDENTIFIER = "Jak3.Gospel-Ordinances";
				PRODUCT_NAME = "$(TARGET_NAME)";
			};
			name = Release;
		};
/* End XCBuildConfiguration section */

/* Begin XCConfigurationList section */
		BCCBD0E81CD804BD002F8139 /* Build configuration list for PBXProject "Gospel Ordinances" */ = {
			isa = XCConfigurationList;
			buildConfigurations = (
				BCCBD0FF1CD804BD002F8139 /* Debug */,
				BCCBD1001CD804BD002F8139 /* Release */,
			);
			defaultConfigurationIsVisible = 0;
			defaultConfigurationName = Release;
		};
		BCCBD1011CD804BD002F8139 /* Build configuration list for PBXNativeTarget "Gospel Ordinances" */ = {
			isa = XCConfigurationList;
			buildConfigurations = (
				BCCBD1021CD804BD002F8139 /* Debug */,
				BCCBD1031CD804BD002F8139 /* Release */,
			);
			defaultConfigurationIsVisible = 0;
		};
/* End XCConfigurationList section */
	};
	rootObject = BCCBD0E51CD804BD002F8139 /* Project object */;
}
